{"version":4,"terraform_version":"1.10.6","serial":383,"lineage":"a8337195-7ae3-1e9c-3adc-80734bc08e40","outputs":{},"resources":[{"mode":"managed","type":"google_certificate_manager_certificate","name":"gateway","provider":"provider[\"registry.opentofu.org/hashicorp/google\"]","instances":[{"schema_version":1,"attributes":{"description":"","effective_labels":{"goog-terraform-provisioned":"true"},"id":"projects/ess-one-shot/locations/global/certificates/ess-gateway-certificate","labels":{},"location":"global","managed":[{"authorization_attempt_info":[{"details":"","domain":"*.mjknowles.dev","failure_reason":"","state":"AUTHORIZED"},{"details":"","domain":"mjknowles.dev","failure_reason":"","state":"AUTHORIZED"}],"dns_authorizations":["projects/632442575745/locations/global/dnsAuthorizations/ess-base-domain-authz"],"domains":["*.mjknowles.dev","mjknowles.dev"],"issuance_config":"","provisioning_issue":[],"state":"ACTIVE"}],"name":"ess-gateway-certificate","project":"ess-one-shot","san_dnsnames":["*.mjknowles.dev","mjknowles.dev"],"scope":"","self_managed":[],"terraform_labels":{"goog-terraform-provisioned":"true"},"timeouts":null},"sensitive_attributes":[],"private":"eyJlMmJmYjczMC1lY2FhLTExZTYtOGY4OC0zNDM2M2JjN2M0YzAiOnsiY3JlYXRlIjoxMjAwMDAwMDAwMDAwLCJkZWxldGUiOjEyMDAwMDAwMDAwMDAsInVwZGF0ZSI6MTIwMDAwMDAwMDAwMH0sInNjaGVtYV92ZXJzaW9uIjoiMSJ9","dependencies":["google_certificate_manager_dns_authorization.base","google_dns_record_set.cert_validation","google_project_service.certificatemanager"]}]},{"mode":"managed","type":"google_certificate_manager_certificate_map","name":"gateway","provider":"provider[\"registry.opentofu.org/hashicorp/google\"]","instances":[{"schema_version":0,"attributes":{"create_time":"2025-10-17T21:29:01.314698140Z","description":"","effective_labels":{"goog-terraform-provisioned":"true"},"gclb_targets":[{"ip_configs":[{"ip_address":"34.120.72.254","ports":[443]}],"target_https_proxy":"//compute.googleapis.com/projects/632442575745/global/targetHttpsProxies/gkegw1-1pba-ess-ess-gateway-i393955bpj7j","target_ssl_proxy":""}],"id":"projects/ess-one-shot/locations/global/certificateMaps/ess-gateway-cert-map","labels":{},"name":"ess-gateway-cert-map","project":"ess-one-shot","terraform_labels":{"goog-terraform-provisioned":"true"},"timeouts":null,"update_time":"2025-10-17T21:29:01.469935301Z"},"sensitive_attributes":[],"private":"eyJlMmJmYjczMC1lY2FhLTExZTYtOGY4OC0zNDM2M2JjN2M0YzAiOnsiY3JlYXRlIjoxMjAwMDAwMDAwMDAwLCJkZWxldGUiOjEyMDAwMDAwMDAwMDAsInVwZGF0ZSI6MTIwMDAwMDAwMDAwMH19","dependencies":["google_certificate_manager_certificate.gateway","google_certificate_manager_dns_authorization.base","google_dns_record_set.cert_validation","google_project_service.certificatemanager"]}]},{"mode":"managed","type":"google_certificate_manager_dns_authorization","name":"base","provider":"provider[\"registry.opentofu.org/hashicorp/google\"]","instances":[{"schema_version":1,"attributes":{"description":"","dns_resource_record":[{"data":"2405c83a-eaf0-43f6-90f2-e4eb3c7a028e.5.authorize.certificatemanager.goog.","name":"_acme-challenge.mjknowles.dev.","type":"CNAME"}],"domain":"mjknowles.dev","effective_labels":{"goog-terraform-provisioned":"true"},"id":"projects/ess-one-shot/locations/global/dnsAuthorizations/ess-base-domain-authz","labels":{},"location":"global","name":"ess-base-domain-authz","project":"ess-one-shot","terraform_labels":{"goog-terraform-provisioned":"true"},"timeouts":null,"type":"FIXED_RECORD"},"sensitive_attributes":[],"private":"eyJlMmJmYjczMC1lY2FhLTExZTYtOGY4OC0zNDM2M2JjN2M0YzAiOnsiY3JlYXRlIjoxMjAwMDAwMDAwMDAwLCJkZWxldGUiOjEyMDAwMDAwMDAwMDAsInVwZGF0ZSI6MTIwMDAwMDAwMDAwMH0sInNjaGVtYV92ZXJzaW9uIjoiMSJ9","dependencies":["google_project_service.certificatemanager"],"create_before_destroy":true}]},{"mode":"managed","type":"google_compute_global_address","name":"cloudsql_private_range","provider":"provider[\"registry.opentofu.org/hashicorp/google\"]","instances":[{"schema_version":0,"attributes":{"address":"10.31.0.0","address_type":"INTERNAL","creation_timestamp":"2025-10-17T14:28:56.764-07:00","description":"","effective_labels":{"goog-terraform-provisioned":"true"},"id":"projects/ess-one-shot/global/addresses/ess-matrix-postgres-ps-range","ip_version":"","label_fingerprint":"vezUS-42LLM=","labels":{},"name":"ess-matrix-postgres-ps-range","network":"https://www.googleapis.com/compute/v1/projects/ess-one-shot/global/networks/ess-one-shot-vpc","prefix_length":20,"project":"ess-one-shot","purpose":"VPC_PEERING","self_link":"https://www.googleapis.com/compute/v1/projects/ess-one-shot/global/addresses/ess-matrix-postgres-ps-range","terraform_labels":{"goog-terraform-provisioned":"true"},"timeouts":null},"sensitive_attributes":[],"private":"eyJlMmJmYjczMC1lY2FhLTExZTYtOGY4OC0zNDM2M2JjN2M0YzAiOnsiY3JlYXRlIjoxMjAwMDAwMDAwMDAwLCJkZWxldGUiOjEyMDAwMDAwMDAwMDAsInVwZGF0ZSI6MTIwMDAwMDAwMDAwMH19","dependencies":["google_compute_network.primary","google_project_service.compute","google_project_service.servicenetworking"]}]},{"mode":"managed","type":"google_compute_network","name":"primary","provider":"provider[\"registry.opentofu.org/hashicorp/google\"]","instances":[{"schema_version":0,"attributes":{"auto_create_subnetworks":false,"bgp_always_compare_med":false,"bgp_best_path_selection_mode":"LEGACY","bgp_inter_region_cost":"","delete_default_routes_on_create":false,"description":"","enable_ula_internal_ipv6":false,"gateway_ipv4":"","id":"projects/ess-one-shot/global/networks/ess-one-shot-vpc","internal_ipv6_range":"","mtu":0,"name":"ess-one-shot-vpc","network_firewall_policy_enforcement_order":"AFTER_CLASSIC_FIREWALL","network_id":"1230124262071667693","network_profile":"","numeric_id":"1230124262071667693","params":[],"project":"ess-one-shot","routing_mode":"REGIONAL","self_link":"https://www.googleapis.com/compute/v1/projects/ess-one-shot/global/networks/ess-one-shot-vpc","timeouts":null},"sensitive_attributes":[],"private":"eyJlMmJmYjczMC1lY2FhLTExZTYtOGY4OC0zNDM2M2JjN2M0YzAiOnsiY3JlYXRlIjoxMjAwMDAwMDAwMDAwLCJkZWxldGUiOjEyMDAwMDAwMDAwMDAsInVwZGF0ZSI6MTIwMDAwMDAwMDAwMH19","dependencies":["google_project_service.compute"]}]},{"mode":"managed","type":"google_dns_record_set","name":"cert_validation","provider":"provider[\"registry.opentofu.org/hashicorp/google\"].dns","instances":[{"schema_version":0,"attributes":{"id":"projects/dns-infra-474704/managedZones/mjknowles-dev-zone/rrsets/_acme-challenge.mjknowles.dev./CNAME","managed_zone":"mjknowles-dev-zone","name":"_acme-challenge.mjknowles.dev.","project":"dns-infra-474704","routing_policy":[],"rrdatas":["2405c83a-eaf0-43f6-90f2-e4eb3c7a028e.5.authorize.certificatemanager.goog."],"ttl":300,"type":"CNAME"},"sensitive_attributes":[],"private":"bnVsbA==","dependencies":["google_certificate_manager_dns_authorization.base","google_project_service.certificatemanager"],"create_before_destroy":true}]},{"mode":"managed","type":"google_project_service","name":"certificatemanager","provider":"provider[\"registry.opentofu.org/hashicorp/google\"]","instances":[{"schema_version":0,"attributes":{"disable_dependent_services":false,"disable_on_destroy":false,"id":"ess-one-shot/certificatemanager.googleapis.com","project":"ess-one-shot","service":"certificatemanager.googleapis.com","timeouts":null},"sensitive_attributes":[],"private":"eyJlMmJmYjczMC1lY2FhLTExZTYtOGY4OC0zNDM2M2JjN2M0YzAiOnsiY3JlYXRlIjoxMjAwMDAwMDAwMDAwLCJkZWxldGUiOjEyMDAwMDAwMDAwMDAsInJlYWQiOjYwMDAwMDAwMDAwMCwidXBkYXRlIjoxMjAwMDAwMDAwMDAwfX0=","create_before_destroy":true}]},{"mode":"managed","type":"google_project_service","name":"compute","provider":"provider[\"registry.opentofu.org/hashicorp/google\"]","instances":[{"schema_version":0,"attributes":{"disable_dependent_services":false,"disable_on_destroy":false,"id":"ess-one-shot/compute.googleapis.com","project":"ess-one-shot","service":"compute.googleapis.com","timeouts":null},"sensitive_attributes":[],"private":"eyJlMmJmYjczMC1lY2FhLTExZTYtOGY4OC0zNDM2M2JjN2M0YzAiOnsiY3JlYXRlIjoxMjAwMDAwMDAwMDAwLCJkZWxldGUiOjEyMDAwMDAwMDAwMDAsInJlYWQiOjYwMDAwMDAwMDAwMCwidXBkYXRlIjoxMjAwMDAwMDAwMDAwfX0="}]},{"mode":"managed","type":"google_project_service","name":"servicenetworking","provider":"provider[\"registry.opentofu.org/hashicorp/google\"]","instances":[{"schema_version":0,"attributes":{"disable_dependent_services":false,"disable_on_destroy":false,"id":"ess-one-shot/servicenetworking.googleapis.com","project":"ess-one-shot","service":"servicenetworking.googleapis.com","timeouts":null},"sensitive_attributes":[],"private":"eyJlMmJmYjczMC1lY2FhLTExZTYtOGY4OC0zNDM2M2JjN2M0YzAiOnsiY3JlYXRlIjoxMjAwMDAwMDAwMDAwLCJkZWxldGUiOjEyMDAwMDAwMDAwMDAsInJlYWQiOjYwMDAwMDAwMDAwMCwidXBkYXRlIjoxMjAwMDAwMDAwMDAwfX0="}]},{"mode":"managed","type":"google_service_networking_connection","name":"cloudsql_private_connection","provider":"provider[\"registry.opentofu.org/hashicorp/google\"]","instances":[{"schema_version":0,"attributes":{"deletion_policy":null,"id":"projects%2Fess-one-shot%2Fglobal%2Fnetworks%2Fess-one-shot-vpc:servicenetworking.googleapis.com","network":"projects/ess-one-shot/global/networks/ess-one-shot-vpc","peering":"servicenetworking-googleapis-com","reserved_peering_ranges":["ess-matrix-postgres-ps-range"],"service":"servicenetworking.googleapis.com","timeouts":null,"update_on_creation_fail":null},"sensitive_attributes":[],"private":"eyJlMmJmYjczMC1lY2FhLTExZTYtOGY4OC0zNDM2M2JjN2M0YzAiOnsiY3JlYXRlIjo2MDAwMDAwMDAwMDAsImRlbGV0ZSI6NjAwMDAwMDAwMDAwLCJ1cGRhdGUiOjYwMDAwMDAwMDAwMH19","dependencies":["google_compute_global_address.cloudsql_private_range","google_compute_network.primary","google_project_service.compute","google_project_service.servicenetworking"]}]}],"check_results":[{"object_kind":"var","config_addr":"var.dns_zone_name","status":"unknown","objects":null},{"object_kind":"var","config_addr":"var.project_id","status":"pass","objects":[{"object_addr":"var.project_id","status":"pass"}]},{"object_kind":"var","config_addr":"var.domain","status":"unknown","objects":null}]}
